// !$*UTF8*$!
{
	archiveVersion = 1;
	classes = {
	};
	objectVersion = 50;
	objects = {

/* Begin PBXBuildFile section */
		E13F101E20DD77BF00F3246F /* AppDelegate.swift in Sources */ = {isa = PBXBuildFile; fileRef = E13F101D20DD77BF00F3246F /* AppDelegate.swift */; };
		E13F102020DD77BF00F3246F /* ViewController.swift in Sources */ = {isa = PBXBuildFile; fileRef = E13F101F20DD77BF00F3246F /* ViewController.swift */; };
		E13F102320DD77BF00F3246F /* Main.storyboard in Resources */ = {isa = PBXBuildFile; fileRef = E13F102120DD77BF00F3246F /* Main.storyboard */; };
		E13F102520DD77BF00F3246F /* Assets.xcassets in Resources */ = {isa = PBXBuildFile; fileRef = E13F102420DD77BF00F3246F /* Assets.xcassets */; };
		E13F102820DD77BF00F3246F /* LaunchScreen.storyboard in Resources */ = {isa = PBXBuildFile; fileRef = E13F102620DD77BF00F3246F /* LaunchScreen.storyboard */; };
		E13F103320DD77C000F3246F /* CasinoSlotMachineTests.swift in Sources */ = {isa = PBXBuildFile; fileRef = E13F103220DD77C000F3246F /* CasinoSlotMachineTests.swift */; };
		E13F103E20DD77C000F3246F /* CasinoSlotMachineUITests.swift in Sources */ = {isa = PBXBuildFile; fileRef = E13F103D20DD77C000F3246F /* CasinoSlotMachineUITests.swift */; };
		E13F105020DD77E700F3246F /* casinobackground.jpg in Resources */ = {isa = PBXBuildFile; fileRef = E13F104B20DD77E600F3246F /* casinobackground.jpg */; };
		E13F105120DD77E700F3246F /* Club.jpg in Resources */ = {isa = PBXBuildFile; fileRef = E13F104C20DD77E600F3246F /* Club.jpg */; };
		E13F105220DD77E700F3246F /* Heart.jpg in Resources */ = {isa = PBXBuildFile; fileRef = E13F104D20DD77E700F3246F /* Heart.jpg */; };
		E13F105320DD77E700F3246F /* Diamond.jpg in Resources */ = {isa = PBXBuildFile; fileRef = E13F104E20DD77E700F3246F /* Diamond.jpg */; };
		E13F105420DD77E700F3246F /* Spade.jpg in Resources */ = {isa = PBXBuildFile; fileRef = E13F104F20DD77E700F3246F /* Spade.jpg */; };
/* End PBXBuildFile section */

/* Begin PBXContainerItemProxy section */
		E13F102F20DD77C000F3246F /* PBXContainerItemProxy */ = {
			isa = PBXContainerItemProxy;
			containerPortal = E13F101220DD77BF00F3246F /* Project object */;
			proxyType = 1;
			remoteGlobalIDString = E13F101920DD77BF00F3246F;
			remoteInfo = CasinoSlotMachine;
		};
		E13F103A20DD77C000F3246F /* PBXContainerItemProxy */ = {
			isa = PBXContainerItemProxy;
			containerPortal = E13F101220DD77BF00F3246F /* Project object */;
			proxyType = 1;
			remoteGlobalIDString = E13F101920DD77BF00F3246F;
			remoteInfo = CasinoSlotMachine;
		};
/* End PBXContainerItemProxy section */

/* Begin PBXFileReference section */
		E13F101A20DD77BF00F3246F /* CasinoSlotMachine.app */ = {isa = PBXFileReference; explicitFileType = wrapper.application; includeInIndex = 0; path = CasinoSlotMachine.app; sourceTree = BUILT_PRODUCTS_DIR; };
		E13F101D20DD77BF00F3246F /* AppDelegate.swift */ = {isa = PBXFileReference; lastKnownFileType = sourcecode.swift; path = AppDelegate.swift; sourceTree = "<group>"; };
		E13F101F20DD77BF00F3246F /* ViewController.swift */ = {isa = PBXFileReference; lastKnownFileType = sourcecode.swift; path = ViewController.swift; sourceTree = "<group>"; };
		E13F102220DD77BF00F3246F /* Base */ = {isa = PBXFileReference; lastKnownFileType = file.storyboard; name = Base; path = Base.lproj/Main.storyboard; sourceTree = "<group>"; };
		E13F102420DD77BF00F3246F /* Assets.xcassets */ = {isa = PBXFileReference; lastKnownFileType = folder.assetcatalog; path = Assets.xcassets; sourceTree = "<group>"; };
		E13F102720DD77BF00F3246F /* Base */ = {isa = PBXFileReference; lastKnownFileType = file.storyboard; name = Base; path = Base.lproj/LaunchScreen.storyboard; sourceTree = "<group>"; };
		E13F102920DD77BF00F3246F /* Info.plist */ = {isa = PBXFileReference; lastKnownFileType = text.plist.xml; path = Info.plist; sourceTree = "<group>"; };
		E13F102E20DD77C000F3246F /* CasinoSlotMachineTests.xctest */ = {isa = PBXFileReference; explicitFileType = wrapper.cfbundle; includeInIndex = 0; path = CasinoSlotMachineTests.xctest; sourceTree = BUILT_PRODUCTS_DIR; };
		E13F103220DD77C000F3246F /* CasinoSlotMachineTests.swift */ = {isa = PBXFileReference; lastKnownFileType = sourcecode.swift; path = CasinoSlotMachineTests.swift; sourceTree = "<group>"; };
		E13F103420DD77C000F3246F /* Info.plist */ = {isa = PBXFileReference; lastKnownFileType = text.plist.xml; path = Info.plist; sourceTree = "<group>"; };
		E13F103920DD77C000F3246F /* CasinoSlotMachineUITests.xctest */ = {isa = PBXFileReference; explicitFileType = wrapper.cfbundle; includeInIndex = 0; path = CasinoSlotMachineUITests.xctest; sourceTree = BUILT_PRODUCTS_DIR; };
		E13F103D20DD77C000F3246F /* CasinoSlotMachineUITests.swift */ = {isa = PBXFileReference; lastKnownFileType = sourcecode.swift; path = CasinoSlotMachineUITests.swift; sourceTree = "<group>"; };
		E13F103F20DD77C000F3246F /* Info.plist */ = {isa = PBXFileReference; lastKnownFileType = text.plist.xml; path = Info.plist; sourceTree = "<group>"; };
		E13F104B20DD77E600F3246F /* casinobackground.jpg */ = {isa = PBXFileReference; lastKnownFileType = image.jpeg; name = casinobackground.jpg; path = ../../../../../Downloads/CardSuits/casinobackground.jpg; sourceTree = "<group>"; };
		E13F104C20DD77E600F3246F /* Club.jpg */ = {isa = PBXFileReference; lastKnownFileType = image.jpeg; name = Club.jpg; path = ../../../../../Downloads/CardSuits/Club.jpg; sourceTree = "<group>"; };
		E13F104D20DD77E700F3246F /* Heart.jpg */ = {isa = PBXFileReference; lastKnownFileType = image.jpeg; name = Heart.jpg; path = ../../../../../Downloads/CardSuits/Heart.jpg; sourceTree = "<group>"; };
		E13F104E20DD77E700F3246F /* Diamond.jpg */ = {isa = PBXFileReference; lastKnownFileType = image.jpeg; name = Diamond.jpg; path = ../../../../../Downloads/CardSuits/Diamond.jpg; sourceTree = "<group>"; };
		E13F104F20DD77E700F3246F /* Spade.jpg */ = {isa = PBXFileReference; lastKnownFileType = image.jpeg; name = Spade.jpg; path = ../../../../../Downloads/CardSuits/Spade.jpg; sourceTree = "<group>"; };
/* End PBXFileReference section */

/* Begin PBXFrameworksBuildPhase section */
		E13F101720DD77BF00F3246F /* Frameworks */ = {
			isa = PBXFrameworksBuildPhase;
			buildActionMask = 2147483647;
			files = (
			);
			runOnlyForDeploymentPostprocessing = 0;
		};
		E13F102B20DD77C000F3246F /* Frameworks */ = {
			isa = PBXFrameworksBuildPhase;
			buildActionMask = 2147483647;
			files = (
			);
			runOnlyForDeploymentPostprocessing = 0;
		};
		E13F103620DD77C000F3246F /* Frameworks */ = {
			isa = PBXFrameworksBuildPhase;
			buildActionMask = 2147483647;
			files = (
			);
			runOnlyForDeploymentPostprocessing = 0;
		};
/* End PBXFrameworksBuildPhase section */

/* Begin PBXGroup section */
		E13F101120DD77BF00F3246F = {
			isa = PBXGroup;
			children = (
				E13F101C20DD77BF00F3246F /* CasinoSlotMachine */,
				E13F103120DD77C000F3246F /* CasinoSlotMachineTests */,
				E13F103C20DD77C000F3246F /* CasinoSlotMachineUITests */,
				E13F101B20DD77BF00F3246F /* Products */,
			);
			sourceTree = "<group>";
		};
		E13F101B20DD77BF00F3246F /* Products */ = {
			isa = PBXGroup;
			children = (
				E13F101A20DD77BF00F3246F /* CasinoSlotMachine.app */,
				E13F102E20DD77C000F3246F /* CasinoSlotMachineTests.xctest */,
				E13F103920DD77C000F3246F /* CasinoSlotMachineUITests.xctest */,
			);
			name = Products;
			sourceTree = "<group>";
		};
		E13F101C20DD77BF00F3246F /* CasinoSlotMachine */ = {
			isa = PBXGroup;
			children = (
				E13F104B20DD77E600F3246F /* casinobackground.jpg */,
				E13F104C20DD77E600F3246F /* Club.jpg */,
				E13F104E20DD77E700F3246F /* Diamond.jpg */,
				E13F104D20DD77E700F3246F /* Heart.jpg */,
				E13F104F20DD77E700F3246F /* Spade.jpg */,
				E13F101D20DD77BF00F3246F /* AppDelegate.swift */,
				E13F101F20DD77BF00F3246F /* ViewController.swift */,
				E13F102120DD77BF00F3246F /* Main.storyboard */,
				E13F102420DD77BF00F3246F /* Assets.xcassets */,
				E13F102620DD77BF00F3246F /* LaunchScreen.storyboard */,
				E13F102920DD77BF00F3246F /* Info.plist */,
			);
			path = CasinoSlotMachine;
			sourceTree = "<group>";
		};
		E13F103120DD77C000F3246F /* CasinoSlotMachineTests */ = {
			isa = PBXGroup;
			children = (
				E13F103220DD77C000F3246F /* CasinoSlotMachineTests.swift */,
				E13F103420DD77C000F3246F /* Info.plist */,
			);
			path = CasinoSlotMachineTests;
			sourceTree = "<group>";
		};
		E13F103C20DD77C000F3246F /* CasinoSlotMachineUITests */ = {
			isa = PBXGroup;
			children = (
				E13F103D20DD77C000F3246F /* CasinoSlotMachineUITests.swift */,
				E13F103F20DD77C000F3246F /* Info.plist */,
			);
			path = CasinoSlotMachineUITests;
			sourceTree = "<group>";
		};
/* End PBXGroup section */

/* Begin PBXNativeTarget section */
		E13F101920DD77BF00F3246F /* CasinoSlotMachine */ = {
			isa = PBXNativeTarget;
			buildConfigurationList = E13F104220DD77C000F3246F /* Build configuration list for PBXNativeTarget "CasinoSlotMachine" */;
			buildPhases = (
				E13F101620DD77BF00F3246F /* Sources */,
				E13F101720DD77BF00F3246F /* Frameworks */,
				E13F101820DD77BF00F3246F /* Resources */,
			);
			buildRules = (
			);
			dependencies = (
			);
			name = CasinoSlotMachine;
			productName = CasinoSlotMachine;
			productReference = E13F101A20DD77BF00F3246F /* CasinoSlotMachine.app */;
			productType = "com.apple.product-type.application";
		};
		E13F102D20DD77C000F3246F /* CasinoSlotMachineTests */ = {
			isa = PBXNativeTarget;
			buildConfigurationList = E13F104520DD77C000F3246F /* Build configuration list for PBXNativeTarget "CasinoSlotMachineTests" */;
			buildPhases = (
				E13F102A20DD77C000F3246F /* Sources */,
				E13F102B20DD77C000F3246F /* Frameworks */,
				E13F102C20DD77C000F3246F /* Resources */,
			);
			buildRules = (
			);
			dependencies = (
				E13F103020DD77C000F3246F /* PBXTargetDependency */,
			);
			name = CasinoSlotMachineTests;
			productName = CasinoSlotMachineTests;
			productReference = E13F102E20DD77C000F3246F /* CasinoSlotMachineTests.xctest */;
			productType = "com.apple.product-type.bundle.unit-test";
		};
		E13F103820DD77C000F3246F /* CasinoSlotMachineUITests */ = {
			isa = PBXNativeTarget;
			buildConfigurationList = E13F104820DD77C000F3246F /* Build configuration list for PBXNativeTarget "CasinoSlotMachineUITests" */;
			buildPhases = (
				E13F103520DD77C000F3246F /* Sources */,
				E13F103620DD77C000F3246F /* Frameworks */,
				E13F103720DD77C000F3246F /* Resources */,
			);
			buildRules = (
			);
			dependencies = (
				E13F103B20DD77C000F3246F /* PBXTargetDependency */,
			);
			name = CasinoSlotMachineUITests;
			productName = CasinoSlotMachineUITests;
			productReference = E13F103920DD77C000F3246F /* CasinoSlotMachineUITests.xctest */;
			productType = "com.apple.product-type.bundle.ui-testing";
		};
/* End PBXNativeTarget section */

/* Begin PBXProject section */
		E13F101220DD77BF00F3246F /* Project object */ = {
			isa = PBXProject;
			attributes = {
				LastSwiftUpdateCheck = 0940;
				LastUpgradeCheck = 0940;
				ORGANIZATIONNAME = Aymen;
				TargetAttributes = {
					E13F101920DD77BF00F3246F = {
						CreatedOnToolsVersion = 9.4;
					};
					E13F102D20DD77C000F3246F = {
						CreatedOnToolsVersion = 9.4;
						TestTargetID = E13F101920DD77BF00F3246F;
					};
					E13F103820DD77C000F3246F = {
						CreatedOnToolsVersion = 9.4;
						TestTargetID = E13F101920DD77BF00F3246F;
					};
				};
			};
			buildConfigurationList = E13F101520DD77BF00F3246F /* Build configuration list for PBXProject "CasinoSlotMachine" */;
			compatibilityVersion = "Xcode 9.3";
			developmentRegion = en;
			hasScannedForEncodings = 0;
			knownRegions = (
				en,
				Base,
			);
			mainGroup = E13F101120DD77BF00F3246F;
			productRefGroup = E13F101B20DD77BF00F3246F /* Products */;
			projectDirPath = "";
			projectRoot = "";
			targets = (
				E13F101920DD77BF00F3246F /* CasinoSlotMachine */,
				E13F102D20DD77C000F3246F /* CasinoSlotMachineTests */,
				E13F103820DD77C000F3246F /* CasinoSlotMachineUITests */,
			);
		};
/* End PBXProject section */

/* Begin PBXResourcesBuildPhase section */
		E13F101820DD77BF00F3246F /* Resources */ = {
			isa = PBXResourcesBuildPhase;
			buildActionMask = 2147483647;
			files = (
				E13F105220DD77E700F3246F /* Heart.jpg in Resources */,
				E13F105320DD77E700F3246F /* Diamond.jpg in Resources */,
				E13F105020DD77E700F3246F /* casinobackground.jpg in Resources */,
				E13F102820DD77BF00F3246F /* LaunchScreen.storyboard in Resources */,
				E13F105120DD77E700F3246F /* Club.jpg in Resources */,
				E13F105420DD77E700F3246F /* Spade.jpg in Resources */,
				E13F102520DD77BF00F3246F /* Assets.xcassets in Resources */,
				E13F102320DD77BF00F3246F /* Main.storyboard in Resources */,
			);
			runOnlyForDeploymentPostprocessing = 0;
		};
		E13F102C20DD77C000F3246F /* Resources */ = {
			isa = PBXResourcesBuildPhase;
			buildActionMask = 2147483647;
			files = (
			);
			runOnlyForDeploymentPostprocessing = 0;
		};
		E13F103720DD77C000F3246F /* Resources */ = {
			isa = PBXResourcesBuildPhase;
			buildActionMask = 2147483647;
			files = (
			);
			runOnlyForDeploymentPostprocessing = 0;
		};
/* End PBXResourcesBuildPhase section */

/* Begin PBXSourcesBuildPhase section */
		E13F101620DD77BF00F3246F /* Sources */ = {
			isa = PBXSourcesBuildPhase;
			buildActionMask = 2147483647;
			files = (
				E13F102020DD77BF00F3246F /* ViewController.swift in Sources */,
				E13F101E20DD77BF00F3246F /* AppDelegate.swift in Sources */,
			);
			runOnlyForDeploymentPostprocessing = 0;
		};
		E13F102A20DD77C000F3246F /* Sources */ = {
			isa = PBXSourcesBuildPhase;
			buildActionMask = 2147483647;
			files = (
				E13F103320DD77C000F3246F /* CasinoSlotMachineTests.swift in Sources */,
			);
			runOnlyForDeploymentPostprocessing = 0;
		};
		E13F103520DD77C000F3246F /* Sources */ = {
			isa = PBXSourcesBuildPhase;
			buildActionMask = 2147483647;
			files = (
				E13F103E20DD77C000F3246F /* CasinoSlotMachineUITests.swift in Sources */,
			);
			runOnlyForDeploymentPostprocessing = 0;
		};
/* End PBXSourcesBuildPhase section */

/* Begin PBXTargetDependency section */
		E13F103020DD77C000F3246F /* PBXTargetDependency */ = {
			isa = PBXTargetDependency;
			target = E13F101920DD77BF00F3246F /* CasinoSlotMachine */;
			targetProxy = E13F102F20DD77C000F3246F /* PBXContainerItemProxy */;
		};
		E13F103B20DD77C000F3246F /* PBXTargetDependency */ = {
			isa = PBXTargetDependency;
			target = E13F101920DD77BF00F3246F /* CasinoSlotMachine */;
			targetProxy = E13F103A20DD77C000F3246F /* PBXContainerItemProxy */;
		};
/* End PBXTargetDependency section */

/* Begin PBXVariantGroup section */
		E13F102120DD77BF00F3246F /* Main.storyboard */ = {
			isa = PBXVariantGroup;
			children = (
				E13F102220DD77BF00F3246F /* Base */,
			);
			name = Main.storyboard;
			sourceTree = "<group>";
		};
		E13F102620DD77BF00F3246F /* LaunchScreen.storyboard */ = {
			isa = PBXVariantGroup;
			children = (
				E13F102720DD77BF00F3246F /* Base */,
			);
			name = LaunchScreen.storyboard;
			sourceTree = "<group>";
		};
/* End PBXVariantGroup section */

/* Begin XCBuildConfiguration section */
		E13F104020DD77C000F3246F /* Debug */ = {
			isa = XCBuildConfiguration;
			buildSettings = {
				ALWAYS_SEARCH_USER_PATHS = NO;
				CLANG_ANALYZER_NONNULL = YES;
				CLANG_ANALYZER_NUMBER_OBJECT_CONVERSION = YES_AGGRESSIVE;
				CLANG_CXX_LANGUAGE_STANDARD = "gnu++14";
				CLANG_CXX_LIBRARY = "libc++";
				CLANG_ENABLE_MODULES = YES;
				CLANG_ENABLE_OBJC_ARC = YES;
				CLANG_ENABLE_OBJC_WEAK = YES;
				CLANG_WARN_BLOCK_CAPTURE_AUTORELEASING = YES;
				CLANG_WARN_BOOL_CONVERSION = YES;
				CLANG_WARN_COMMA = YES;
				CLANG_WARN_CONSTANT_CONVERSION = YES;
				CLANG_WARN_DEPRECATED_OBJC_IMPLEMENTATIONS = YES;
				CLANG_WARN_DIRECT_OBJC_ISA_USAGE = YES_ERROR;
				CLANG_WARN_DOCUMENTATION_COMMENTS = YES;
				CLANG_WARN_EMPTY_BODY = YES;
				CLANG_WARN_ENUM_CONVERSION = YES;
				CLANG_WARN_INFINITE_RECURSION = YES;
				CLANG_WARN_INT_CONVERSION = YES;
				CLANG_WARN_NON_LITERAL_NULL_CONVERSION = YES;
				CLANG_WARN_OBJC_IMPLICIT_RETAIN_SELF = YES;
				CLANG_WARN_OBJC_LITERAL_CONVERSION = YES;
				CLANG_WARN_OBJC_ROOT_CLASS = YES_ERROR;
				CLANG_WARN_RANGE_LOOP_ANALYSIS = YES;
				CLANG_WARN_STRICT_PROTOTYPES = YES;
				CLANG_WARN_SUSPICIOUS_MOVE = YES;
				CLANG_WARN_UNGUARDED_AVAILABILITY = YES_AGGRESSIVE;
				CLANG_WARN_UNREACHABLE_CODE = YES;
				CLANG_WARN__DUPLICATE_METHOD_MATCH = YES;
				CODE_SIGN_IDENTITY = "iPhone Developer";
				COPY_PHASE_STRIP = NO;
				DEBUG_INFORMATION_FORMAT = dwarf;
				ENABLE_STRICT_OBJC_MSGSEND = YES;
				ENABLE_TESTABILITY = YES;
				GCC_C_LANGUAGE_STANDARD = gnu11;
				GCC_DYNAMIC_NO_PIC = NO;
				GCC_NO_COMMON_BLOCKS = YES;
				GCC_OPTIMIZATION_LEVEL = 0;
				GCC_PREPROCESSOR_DEFINITIONS = (
					"DEBUG=1",
					"$(inherited)",
				);
				GCC_WARN_64_TO_32_BIT_CONVERSION = YES;
				GCC_WARN_ABOUT_RETURN_TYPE = YES_ERROR;
				GCC_WARN_UNDECLARED_SELECTOR = YES;
				GCC_WARN_UNINITIALIZED_AUTOS = YES_AGGRESSIVE;
				GCC_WARN_UNUSED_FUNCTION = YES;
				GCC_WARN_UNUSED_VARIABLE = YES;
				IPHONEOS_DEPLOYMENT_TARGET = 11.4;
				MTL_ENABLE_DEBUG_INFO = YES;
				ONLY_ACTIVE_ARCH = YES;
				SDKROOT = iphoneos;
				SWIFT_ACTIVE_COMPILATION_CONDITIONS = DEBUG;
				SWIFT_OPTIMIZATION_LEVEL = "-Onone";
			};
			name = Debug;
		};
		E13F104120DD77C000F3246F /* Release */ = {
			isa = XCBuildConfiguration;
			buildSettings = {
				ALWAYS_SEARCH_USER_PATHS = NO;
				CLANG_ANALYZER_NONNULL = YES;
				CLANG_ANALYZER_NUMBER_OBJECT_CONVERSION = YES_AGGRESSIVE;
				CLANG_CXX_LANGUAGE_STANDARD = "gnu++14";
				CLANG_CXX_LIBRARY = "libc++";
				CLANG_ENABLE_MODULES = YES;
				CLANG_ENABLE_OBJC_ARC = YES;
				CLANG_ENABLE_OBJC_WEAK = YES;
				CLANG_WARN_BLOCK_CAPTURE_AUTORELEASING = YES;
				CLANG_WARN_BOOL_CONVERSION = YES;
				CLANG_WARN_COMMA = YES;
				CLANG_WARN_CONSTANT_CONVERSION = YES;
				CLANG_WARN_DEPRECATED_OBJC_IMPLEMENTATIONS = YES;
				CLANG_WARN_DIRECT_OBJC_ISA_USAGE = YES_ERROR;
				CLANG_WARN_DOCUMENTATION_COMMENTS = YES;
				CLANG_WARN_EMPTY_BODY = YES;
				CLANG_WARN_ENUM_CONVERSION = YES;
				CLANG_WARN_INFINITE_RECURSION = YES;
				CLANG_WARN_INT_CONVERSION = YES;
				CLANG_WARN_NON_LITERAL_NULL_CONVERSION = YES;
				CLANG_WARN_OBJC_IMPLICIT_RETAIN_SELF = YES;
				CLANG_WARN_OBJC_LITERAL_CONVERSION = YES;
				CLANG_WARN_OBJC_ROOT_CLASS = YES_ERROR;
				CLANG_WARN_RANGE_LOOP_ANALYSIS = YES;
				CLANG_WARN_STRICT_PROTOTYPES = YES;
				CLANG_WARN_SUSPICIOUS_MOVE = YES;
				CLANG_WARN_UNGUARDED_AVAILABILITY = YES_AGGRESSIVE;
				CLANG_WARN_UNREACHABLE_CODE = YES;
				CLANG_WARN__DUPLICATE_METHOD_MATCH = YES;
				CODE_SIGN_IDENTITY = "iPhone Developer";
				COPY_PHASE_STRIP = NO;
				DEBUG_INFORMATION_FORMAT = "dwarf-with-dsym";
				ENABLE_NS_ASSERTIONS = NO;
				ENABLE_STRICT_OBJC_MSGSEND = YES;
				GCC_C_LANGUAGE_STANDARD = gnu11;
				GCC_NO_COMMON_BLOCKS = YES;
				GCC_WARN_64_TO_32_BIT_CONVERSION = YES;
				GCC_WARN_ABOUT_RETURN_TYPE = YES_ERROR;
				GCC_WARN_UNDECLARED_SELECTOR = YES;
				GCC_WARN_UNINITIALIZED_AUTOS = YES_AGGRESSIVE;
				GCC_WARN_UNUSED_FUNCTION = YES;
				GCC_WARN_UNUSED_VARIABLE = YES;
				IPHONEOS_DEPLOYMENT_TARGET = 11.4;
				MTL_ENABLE_DEBUG_INFO = NO;
				SDKROOT = iphoneos;
				SWIFT_COMPILATION_MODE = wholemodule;
				SWIFT_OPTIMIZATION_LEVEL = "-O";
				VALIDATE_PRODUCT = YES;
			};
			name = Release;
		};
		E13F104320DD77C000F3246F /* Debug */ = {
			isa = XCBuildConfiguration;
			buildSettings = {
				ASSETCATALOG_COMPILER_APPICON_NAME = AppIcon;
				CODE_SIGN_STYLE = Automatic;
				INFOPLIST_FILE = CasinoSlotMachine/Info.plist;
				LD_RUNPATH_SEARCH_PATHS = (
					"$(inherited)",
					"@executable_path/Frameworks",
				);
				PRODUCT_BUNDLE_IDENTIFIER = com.aymen.CasinoSlotMachine;
				PRODUCT_NAME = "$(TARGET_NAME)";
				SWIFT_VERSION = 4.0;
				TARGETED_DEVICE_FAMILY = "1,2";
			};
			name = Debug;
		};
		E13F104420DD77C000F3246F /* Release */ = {
			isa = XCBuildConfiguration;
			buildSettings = {
				ASSETCATALOG_COMPILER_APPICON_NAME = AppIcon;
				CODE_SIGN_STYLE = Automatic;
				INFOPLIST_FILE = CasinoSlotMachine/Info.plist;
				LD_RUNPATH_SEARCH_PATHS = (
					"$(inherited)",
					"@executable_path/Frameworks",
				);
				PRODUCT_BUNDLE_IDENTIFIER = com.aymen.CasinoSlotMachine;
				PRODUCT_NAME = "$(TARGET_NAME)";
				SWIFT_VERSION = 4.0;
				TARGETED_DEVICE_FAMILY = "1,2";
			};
			name = Release;
		};
		E13F104620DD77C000F3246F /* Debug */ = {
			isa = XCBuildConfiguration;
			buildSettings = {
				ALWAYS_EMBED_SWIFT_STANDARD_LIBRARIES = YES;
				BUNDLE_LOADER = "$(TEST_HOST)";
				CODE_SIGN_STYLE = Automatic;
				INFOPLIST_FILE = CasinoSlotMachineTests/Info.plist;
				LD_RUNPATH_SEARCH_PATHS = (
					"$(inherited)",
					"@executable_path/Frameworks",
					"@loader_path/Frameworks",
				);
				PRODUCT_BUNDLE_IDENTIFIER = com.aymen.CasinoSlotMachineTests;
				PRODUCT_NAME = "$(TARGET_NAME)";
				SWIFT_VERSION = 4.0;
				TARGETED_DEVICE_FAMILY = "1,2";
				TEST_HOST = "$(BUILT_PRODUCTS_DIR)/CasinoSlotMachine.app/CasinoSlotMachine";
			};
			name = Debug;
		};
		E13F104720DD77C000F3246F /* Release */ = {
			isa = XCBuildConfiguration;
			buildSettings = {
				ALWAYS_EMBED_SWIFT_STANDARD_LIBRARIES = YES;
				BUNDLE_LOADER = "$(TEST_HOST)";
				CODE_SIGN_STYLE = Automatic;
				INFOPLIST_FILE = CasinoSlotMachineTests/Info.plist;
				LD_RUNPATH_SEARCH_PATHS = (
					"$(inherited)",
					"@executable_path/Frameworks",
					"@loader_path/Frameworks",
				);
				PRODUCT_BUNDLE_IDENTIFIER = com.aymen.CasinoSlotMachineTests;
				PRODUCT_NAME = "$(TARGET_NAME)";
				SWIFT_VERSION = 4.0;
				TARGETED_DEVICE_FAMILY = "1,2";
				TEST_HOST = "$(BUILT_PRODUCTS_DIR)/CasinoSlotMachine.app/CasinoSlotMachine";
			};
			name = Release;
		};
		E13F104920DD77C000F3246F /* Debug */ = {
			isa = XCBuildConfiguration;
			buildSettings = {
				ALWAYS_EMBED_SWIFT_STANDARD_LIBRARIES = YES;
				CODE_SIGN_STYLE = Automatic;
				INFOPLIST_FILE = CasinoSlotMachineUITests/Info.plist;
				LD_RUNPATH_SEARCH_PATHS = (
					"$(inherited)",
					"@executable_path/Frameworks",
					"@loader_path/Frameworks",
				);
				PRODUCT_BUNDLE_IDENTIFIER = com.aymen.CasinoSlotMachineUITests;
				PRODUCT_NAME = "$(TARGET_NAME)";
				SWIFT_VERSION = 4.0;
				TARGETED_DEVICE_FAMILY = "1,2";
				TEST_TARGET_NAME = CasinoSlotMachine;
			};
			name = Debug;
		};
		E13F104A20DD77C000F3246F /* Release */ = {
			isa = XCBuildConfiguration;
			buildSettings = {
				ALWAYS_EMBED_SWIFT_STANDARD_LIBRARIES = YES;
				CODE_SIGN_STYLE = Automatic;
				INFOPLIST_FILE = CasinoSlotMachineUITests/Info.plist;
				LD_RUNPATH_SEARCH_PATHS = (
					"$(inherited)",
					"@executable_path/Frameworks",
					"@loader_path/Frameworks",
				);
				PRODUCT_BUNDLE_IDENTIFIER = com.aymen.CasinoSlotMachineUITests;
				PRODUCT_NAME = "$(TARGET_NAME)";
				SWIFT_VERSION = 4.0;
				TARGETED_DEVICE_FAMILY = "1,2";
				TEST_TARGET_NAME = CasinoSlotMachine;
			};
			name = Release;
		};
/* End XCBuildConfiguration section */

/* Begin XCConfigurationList section */
		E13F101520DD77BF00F3246F /* Build configuration list for PBXProject "CasinoSlotMachine" */ = {
			isa = XCConfigurationList;
			buildConfigurations = (
				E13F104020DD77C000F3246F /* Debug */,
				E13F104120DD77C000F3246F /* Release */,
			);
			defaultConfigurationIsVisible = 0;
			defaultConfigurationName = Release;
		};
		E13F104220DD77C000F3246F /* Build configuration list for PBXNativeTarget "CasinoSlotMachine" */ = {
			isa = XCConfigurationList;
			buildConfigurations = (
				E13F104320DD77C000F3246F /* Debug */,
				E13F104420DD77C000F3246F /* Release */,
			);
			defaultConfigurationIsVisible = 0;
			defaultConfigurationName = Release;
		};
		E13F104520DD77C000F3246F /* Build configuration list for PBXNativeTarget "CasinoSlotMachineTests" */ = {
			isa = XCConfigurationList;
			buildConfigurations = (
				E13F104620DD77C000F3246F /* Debug */,
				E13F104720DD77C000F3246F /* Release */,
			);
			defaultConfigurationIsVisible = 0;
			defaultConfigurationName = Release;
		};
		E13F104820DD77C000F3246F /* Build configuration list for PBXNativeTarget "CasinoSlotMachineUITests" */ = {
			isa = XCConfigurationList;
			buildConfigurations = (
				E13F104920DD77C000F3246F /* Debug */,
				E13F104A20DD77C000F3246F /* Release */,
			);
			defaultConfigurationIsVisible = 0;
			defaultConfigurationName = Release;
		};
/* End XCConfigurationList section */
	};
	rootObject = E13F101220DD77BF00F3246F /* Project object */;
}
